
Microsoft Visual Studio Solution File, Format Version 12.00
# Visual Studio Version 16
VisualStudioVersion = 16.0.32002.261
MinimumVisualStudioVersion = 10.0.40219.1
Project("{FAE04EC0-301F-11D3-BF4B-00C04F79EFBC}") = "6 Laba", "6 Laba\6 Laba.csproj", "{2E429022-4E4C-4194-8B2E-F3C6A3D1DA29}"
EndProject
Project("{FAE04EC0-301F-11D3-BF4B-00C04F79EFBC}") = "Задача 6.1", "Задача 6.1\Задача 6.1.csproj", "{52748984-AEDD-482B-BF0B-AF7196847B93}"
EndProject
Project("{FAE04EC0-301F-11D3-BF4B-00C04F79EFBC}") = "Задача 6.2", "Задача 2\Задача 6.2.csproj", "{F16B99DD-3A42-4371-B0FF-ADDB3FF6BCEA}"
EndProject
Global
	GlobalSection(SolutionConfigurationPlatforms) = preSolution
		Debug|Any CPU = Debug|Any CPU
		Release|Any CPU = Release|Any CPU
	EndGlobalSection
	GlobalSection(ProjectConfigurationPlatforms) = postSolution
		{2E429022-4E4C-4194-8B2E-F3C6A3D1DA29}.Debug|Any CPU.ActiveCfg = Debug|Any CPU
		{2E429022-4E4C-4194-8B2E-F3C6A3D1DA29}.Debug|Any CPU.Build.0 = Debug|Any CPU
		{2E429022-4E4C-4194-8B2E-F3C6A3D1DA29}.Release|Any CPU.ActiveCfg = Release|Any CPU
		{2E429022-4E4C-4194-8B2E-F3C6A3D1DA29}.Release|Any CPU.Build.0 = Release|Any CPU
		{52748984-AEDD-482B-BF0B-AF7196847B93}.Debug|Any CPU.ActiveCfg = Debug|Any CPU
		{52748984-AEDD-482B-BF0B-AF7196847B93}.Debug|Any CPU.Build.0 = Debug|Any CPU
		{52748984-AEDD-482B-BF0B-AF7196847B93}.Release|Any CPU.ActiveCfg = Release|Any CPU
		{52748984-AEDD-482B-BF0B-AF7196847B93}.Release|Any CPU.Build.0 = Release|Any CPU
		{F16B99DD-3A42-4371-B0FF-ADDB3FF6BCEA}.Debug|Any CPU.ActiveCfg = Debug|Any CPU
		{F16B99DD-3A42-4371-B0FF-ADDB3FF6BCEA}.Debug|Any CPU.Build.0 = Debug|Any CPU
		{F16B99DD-3A42-4371-B0FF-ADDB3FF6BCEA}.Release|Any CPU.ActiveCfg = Release|Any CPU
		{F16B99DD-3A42-4371-B0FF-ADDB3FF6BCEA}.Release|Any CPU.Build.0 = Release|Any CPU
	EndGlobalSection
	GlobalSection(SolutionProperties) = preSolution
		HideSolutionNode = FALSE
	EndGlobalSection
	GlobalSection(ExtensibilityGlobals) = postSolution
		SolutionGuid = {CDC5AA4C-6438-49B8-965A-BB9527F219B0}
	EndGlobalSection
EndGlobal
